{
  "name": "@active-travel-england/ate-frontend",
  "version": "0.1.0-alpha.1",
  "lockfileVersion": 3,
  "requires": true,
  "packages": {
    "": {
      "name": "@active-travel-england/ate-frontend",
      "version": "0.1.0-alpha.1",
      "license": "MIT",
      "dependencies": {
        "@govuk-one-login/service-header": "~5.0.0",
        "govuk-frontend": "~6.1.0"
      }
    },
    "node_modules/@govuk-one-login/service-header": {
      "version": "5.0.0",
      "resolved": "https://registry.npmjs.org/@govuk-one-login/service-header/-/service-header-5.0.0.tgz",
      "integrity": "sha512-C0TClWrjSWrN5U773hFr4ZdUlTWRTCVl4L2D8IrQWimCF84zXdY+LF2bfQM2RqUMIzjdpmMwARv7NS8Wohkrlw==",
      "license": "ISC",
      "dependencies": {
        "govuk-frontend": "^5.13.0",
        "nunjucks": "^3.2.4"
      }
    },
    "node_modules/@govuk-one-login/service-header/node_modules/govuk-frontend": {
      "version": "5.14.0",
      "resolved": "https://registry.npmjs.org/govuk-frontend/-/govuk-frontend-5.14.0.tgz",
      "integrity": "sha512-MgfaXswIM6KpXS2T5gltEnzgVLgfM3UoE9+rYkhBiR0suaJ8Let31VZXQZqz9QhiPDbv28fW1nRjIyLujfZIBA==",
      "license": "MIT",
      "engines": {
        "node": ">= 4.2.0"
      }
    },
    "node_modules/a-sync-waterfall": {
      "version": "1.0.1",
      "resolved": "https://registry.npmjs.org/a-sync-waterfall/-/a-sync-waterfall-1.0.1.tgz",
      "integrity": "sha512-RYTOHHdWipFUliRFMCS4X2Yn2X8M87V/OpSqWzKKOGhzqyUxzyVmhHDH9sAvG+ZuQf/TAOFsLCpMw09I1ufUnA==",
      "license": "MIT"
    },
    "node_modules/asap": {
      "version": "2.0.6",
      "resolved": "https://registry.npmjs.org/asap/-/asap-2.0.6.tgz",
      "integrity": "sha512-BSHWgDSAiKs50o2Re8ppvp3seVHXSRM44cdSsT9FfNEUUZLOGWVCsiWaRPWM1Znn+mqZ1OfVZ3z3DWEzSp7hRA==",
      "license": "MIT"
    },
    "node_modules/commander": {
      "version": "5.1.0",
      "resolved": "https://registry.npmjs.org/commander/-/commander-5.1.0.tgz",
      "integrity": "sha512-P0CysNDQ7rtVw4QIQtm+MRxV66vKFSvlsQvGYXZWR3qFU0jlMKHZZZgw8e+8DSah4UDKMqnknRDQz+xuQXQ/Zg==",
      "license": "MIT",
      "engines": {
        "node": ">= 6"
      }
    },
    "node_modules/govuk-frontend": {
      "version": "6.1.0",
      "resolved": "https://registry.npmjs.org/govuk-frontend/-/govuk-frontend-6.1.0.tgz",
      "integrity": "sha512-sqivexZFa82LiDIDVMItsUlqEXE/wEUWWBqzEoxHvUFLBH7bY0C8lVrj1qsDThSnj5JEUMS7isBAbKnfQ5Qp6g==",
      "license": "MIT",
      "engines": {
        "node": ">= 4.2.0"
      }
    },
    "node_modules/nunjucks": {
      "version": "3.2.4",
      "resolved": "https://registry.npmjs.org/nunjucks/-/nunjucks-3.2.4.tgz",
      "integrity": "sha512-26XRV6BhkgK0VOxfbU5cQI+ICFUtMLixv1noZn1tGU38kQH5A5nmmbk/O45xdyBhD1esk47nKrY0mvQpZIhRjQ==",
      "license": "BSD-2-Clause",
      "dependencies": {
        "a-sync-waterfall": "^1.0.0",
        "asap": "^2.0.3",
        "commander": "^5.1.0"
      },
      "bin": {
        "nunjucks-precompile": "bin/precompile"
      },
      "engines": {
        "node": ">= 6.9.0"
      },
      "peerDependencies": {
        "chokidar": "^3.3.0"
      },
      "peerDependenciesMeta": {
        "chokidar": {
          "optional": true
        }
      }
    }
  }
}
